
Microsoft Visual Studio Solution File, Format Version 12.00
Project("{2150E333-8FDC-42A3-9474-1A3956D46DE8}") = "src", "src", "{0F5B3832-4799-4A37-8DC8-38C9CD5E7CE0}"
EndProject
Project("{FAE04EC0-301F-11D3-BF4B-00C04F79EFBC}") = "BatchDocumentationTool", "src\BatchDocumentationTool\BatchDocumentationTool.csproj", "{DACD8CC1-A6D4-4D16-87CB-E85836EAC5B2}"
EndProject
Project("{FAE04EC0-301F-11D3-BF4B-00C04F79EFBC}") = "CodeAnalyzer", "src\CodeAnalyzer\CodeAnalyzer.csproj", "{650A12AB-3691-4091-9F5D-D03A8B6778AF}"
EndProject
Project("{FAE04EC0-301F-11D3-BF4B-00C04F79EFBC}") = "CsharpDocumenter", "src\CsharpDocumenter\CsharpDocumenter.csproj", "{8663C480-0429-4863-A8F7-22568703B762}"
EndProject
Project("{FAE04EC0-301F-11D3-BF4B-00C04F79EFBC}") = "LMIntegration", "src\LMIntegration\LMIntegration.csproj", "{F5B63047-1C33-4211-98EC-A5E4554AD24E}"
EndProject
Project("{FAE04EC0-301F-11D3-BF4B-00C04F79EFBC}") = "ApiService", "src\ApiService\ApiService.csproj", "{B7CD2B4D-03B6-4B58-9149-DB8A35BCB9E9}"
EndProject
Project("{FAE04EC0-301F-11D3-BF4B-00C04F79EFBC}") = "ServiceDefaults", "src\ServiceDefaults\ServiceDefaults.csproj", "{612BAFB8-8405-4107-B087-D98CDE13683C}"
EndProject
Project("{FAE04EC0-301F-11D3-BF4B-00C04F79EFBC}") = "Web", "src\Web\Web.csproj", "{6BF58F38-7723-48D2-938F-33751F2D9479}"
EndProject
Global
	GlobalSection(SolutionConfigurationPlatforms) = preSolution
		Debug|Any CPU = Debug|Any CPU
		Release|Any CPU = Release|Any CPU
	EndGlobalSection
	GlobalSection(ProjectConfigurationPlatforms) = postSolution
		{DACD8CC1-A6D4-4D16-87CB-E85836EAC5B2}.Debug|Any CPU.ActiveCfg = Debug|Any CPU
		{DACD8CC1-A6D4-4D16-87CB-E85836EAC5B2}.Debug|Any CPU.Build.0 = Debug|Any CPU
		{DACD8CC1-A6D4-4D16-87CB-E85836EAC5B2}.Release|Any CPU.ActiveCfg = Release|Any CPU
		{DACD8CC1-A6D4-4D16-87CB-E85836EAC5B2}.Release|Any CPU.Build.0 = Release|Any CPU
		{650A12AB-3691-4091-9F5D-D03A8B6778AF}.Debug|Any CPU.ActiveCfg = Debug|Any CPU
		{650A12AB-3691-4091-9F5D-D03A8B6778AF}.Debug|Any CPU.Build.0 = Debug|Any CPU
		{650A12AB-3691-4091-9F5D-D03A8B6778AF}.Release|Any CPU.ActiveCfg = Release|Any CPU
		{650A12AB-3691-4091-9F5D-D03A8B6778AF}.Release|Any CPU.Build.0 = Release|Any CPU
		{8663C480-0429-4863-A8F7-22568703B762}.Debug|Any CPU.ActiveCfg = Debug|Any CPU
		{8663C480-0429-4863-A8F7-22568703B762}.Debug|Any CPU.Build.0 = Debug|Any CPU
		{8663C480-0429-4863-A8F7-22568703B762}.Release|Any CPU.ActiveCfg = Release|Any CPU
		{8663C480-0429-4863-A8F7-22568703B762}.Release|Any CPU.Build.0 = Release|Any CPU
		{F5B63047-1C33-4211-98EC-A5E4554AD24E}.Debug|Any CPU.ActiveCfg = Debug|Any CPU
		{F5B63047-1C33-4211-98EC-A5E4554AD24E}.Debug|Any CPU.Build.0 = Debug|Any CPU
		{F5B63047-1C33-4211-98EC-A5E4554AD24E}.Release|Any CPU.ActiveCfg = Release|Any CPU
		{F5B63047-1C33-4211-98EC-A5E4554AD24E}.Release|Any CPU.Build.0 = Release|Any CPU
		{B7CD2B4D-03B6-4B58-9149-DB8A35BCB9E9}.Debug|Any CPU.ActiveCfg = Debug|Any CPU
		{B7CD2B4D-03B6-4B58-9149-DB8A35BCB9E9}.Debug|Any CPU.Build.0 = Debug|Any CPU
		{B7CD2B4D-03B6-4B58-9149-DB8A35BCB9E9}.Release|Any CPU.ActiveCfg = Release|Any CPU
		{B7CD2B4D-03B6-4B58-9149-DB8A35BCB9E9}.Release|Any CPU.Build.0 = Release|Any CPU
		{612BAFB8-8405-4107-B087-D98CDE13683C}.Debug|Any CPU.ActiveCfg = Debug|Any CPU
		{612BAFB8-8405-4107-B087-D98CDE13683C}.Debug|Any CPU.Build.0 = Debug|Any CPU
		{612BAFB8-8405-4107-B087-D98CDE13683C}.Release|Any CPU.ActiveCfg = Release|Any CPU
		{612BAFB8-8405-4107-B087-D98CDE13683C}.Release|Any CPU.Build.0 = Release|Any CPU
		{6BF58F38-7723-48D2-938F-33751F2D9479}.Debug|Any CPU.ActiveCfg = Debug|Any CPU
		{6BF58F38-7723-48D2-938F-33751F2D9479}.Debug|Any CPU.Build.0 = Debug|Any CPU
		{6BF58F38-7723-48D2-938F-33751F2D9479}.Release|Any CPU.ActiveCfg = Release|Any CPU
		{6BF58F38-7723-48D2-938F-33751F2D9479}.Release|Any CPU.Build.0 = Release|Any CPU
	EndGlobalSection
	GlobalSection(NestedProjects) = preSolution
		{DACD8CC1-A6D4-4D16-87CB-E85836EAC5B2} = {0F5B3832-4799-4A37-8DC8-38C9CD5E7CE0}
		{650A12AB-3691-4091-9F5D-D03A8B6778AF} = {0F5B3832-4799-4A37-8DC8-38C9CD5E7CE0}
		{8663C480-0429-4863-A8F7-22568703B762} = {0F5B3832-4799-4A37-8DC8-38C9CD5E7CE0}
		{F5B63047-1C33-4211-98EC-A5E4554AD24E} = {0F5B3832-4799-4A37-8DC8-38C9CD5E7CE0}
		{B7CD2B4D-03B6-4B58-9149-DB8A35BCB9E9} = {0F5B3832-4799-4A37-8DC8-38C9CD5E7CE0}
		{612BAFB8-8405-4107-B087-D98CDE13683C} = {0F5B3832-4799-4A37-8DC8-38C9CD5E7CE0}
		{6BF58F38-7723-48D2-938F-33751F2D9479} = {0F5B3832-4799-4A37-8DC8-38C9CD5E7CE0}
	EndGlobalSection
EndGlobal
